// !$*UTF8*$!
{
	archiveVersion = 1;
	classes = {
	};
	objectVersion = 77;
	objects = {

/* Begin PBXBuildFile section */
		A00001000000000000000001 /* AppNavigation.swift in Sources */ = {isa = PBXBuildFile; fileRef = A00002000000000000000001 /* AppNavigation.swift */; };
		A00001000000000000000002 /* AppPreferences.swift in Sources */ = {isa = PBXBuildFile; fileRef = A00002000000000000000002 /* AppPreferences.swift */; };
		A00001000000000000000003 /* AudioDevice.swift in Sources */ = {isa = PBXBuildFile; fileRef = A00002000000000000000003 /* AudioDevice.swift */; };
		A00001000000000000000004 /* AudioDeviceStore.swift in Sources */ = {isa = PBXBuildFile; fileRef = A00002000000000000000004 /* AudioDeviceStore.swift */; };
		A00001000000000000000005 /* CoreAudioController.swift in Sources */ = {isa = PBXBuildFile; fileRef = A00002000000000000000005 /* CoreAudioController.swift */; };
		A00001000000000000000006 /* InputControlApp.swift in Sources */ = {isa = PBXBuildFile; fileRef = A00002000000000000000006 /* InputControlApp.swift */; };
		A00001000000000000000007 /* LaunchAtLoginManager.swift in Sources */ = {isa = PBXBuildFile; fileRef = A00002000000000000000007 /* LaunchAtLoginManager.swift */; };
		A00001000000000000000008 /* MenuBarContentView.swift in Sources */ = {isa = PBXBuildFile; fileRef = A00002000000000000000008 /* MenuBarContentView.swift */; };
		A00001000000000000000009 /* MenuBarLabelView.swift in Sources */ = {isa = PBXBuildFile; fileRef = A00002000000000000000009 /* MenuBarLabelView.swift */; };
		A0000100000000000000000A /* SettingsView.swift in Sources */ = {isa = PBXBuildFile; fileRef = A0000200000000000000000A /* SettingsView.swift */; };
		A0000100000000000000000B /* Assets.xcassets in Resources */ = {isa = PBXBuildFile; fileRef = A0000200000000000000000D /* Assets.xcassets */; };
		A0000100000000000000000C /* ThemeManager.swift in Sources */ = {isa = PBXBuildFile; fileRef = A0000200000000000000000E /* ThemeManager.swift */; };
/* End PBXBuildFile section */

/* Begin PBXFileReference section */
		A00002000000000000000001 /* AppNavigation.swift */ = {isa = PBXFileReference; lastKnownFileType = sourcecode.swift; path = AppNavigation.swift; sourceTree = "<group>"; };
		A00002000000000000000002 /* AppPreferences.swift */ = {isa = PBXFileReference; lastKnownFileType = sourcecode.swift; path = AppPreferences.swift; sourceTree = "<group>"; };
		A00002000000000000000003 /* AudioDevice.swift */ = {isa = PBXFileReference; lastKnownFileType = sourcecode.swift; path = AudioDevice.swift; sourceTree = "<group>"; };
		A00002000000000000000004 /* AudioDeviceStore.swift */ = {isa = PBXFileReference; lastKnownFileType = sourcecode.swift; path = AudioDeviceStore.swift; sourceTree = "<group>"; };
		A00002000000000000000005 /* CoreAudioController.swift */ = {isa = PBXFileReference; lastKnownFileType = sourcecode.swift; path = CoreAudioController.swift; sourceTree = "<group>"; };
		A00002000000000000000006 /* InputControlApp.swift */ = {isa = PBXFileReference; lastKnownFileType = sourcecode.swift; path = InputControlApp.swift; sourceTree = "<group>"; };
		A00002000000000000000007 /* LaunchAtLoginManager.swift */ = {isa = PBXFileReference; lastKnownFileType = sourcecode.swift; path = LaunchAtLoginManager.swift; sourceTree = "<group>"; };
		A00002000000000000000008 /* MenuBarContentView.swift */ = {isa = PBXFileReference; lastKnownFileType = sourcecode.swift; path = MenuBarContentView.swift; sourceTree = "<group>"; };
		A00002000000000000000009 /* MenuBarLabelView.swift */ = {isa = PBXFileReference; lastKnownFileType = sourcecode.swift; path = MenuBarLabelView.swift; sourceTree = "<group>"; };
		A0000200000000000000000A /* SettingsView.swift */ = {isa = PBXFileReference; lastKnownFileType = sourcecode.swift; path = SettingsView.swift; sourceTree = "<group>"; };
		A0000200000000000000000B /* Input Control.app */ = {isa = PBXFileReference; explicitFileType = wrapper.application; includeInIndex = 0; path = "Input Control.app"; sourceTree = BUILT_PRODUCTS_DIR; };
		A0000200000000000000000C /* Info.plist */ = {isa = PBXFileReference; lastKnownFileType = text.plist.xml; path = Info.plist; sourceTree = "<group>"; };
		A0000200000000000000000D /* Assets.xcassets */ = {isa = PBXFileReference; lastKnownFileType = folder.assetcatalog; path = Assets.xcassets; sourceTree = "<group>"; };
		A0000200000000000000000E /* ThemeManager.swift */ = {isa = PBXFileReference; lastKnownFileType = sourcecode.swift; path = ThemeManager.swift; sourceTree = "<group>"; };
/* End PBXFileReference section */

/* Begin PBXFrameworksBuildPhase section */
		A00003000000000000000001 /* Frameworks */ = {
			isa = PBXFrameworksBuildPhase;
			buildActionMask = 2147483647;
			files = (
			);
			runOnlyForDeploymentPostprocessing = 0;
		};
/* End PBXFrameworksBuildPhase section */

/* Begin PBXGroup section */
		A00004000000000000000001 = {
			isa = PBXGroup;
			children = (
				A00004000000000000000002 /* Sources */,
				A00004000000000000000003 /* Resources */,
				A00004000000000000000004 /* Products */,
			);
			sourceTree = "<group>";
		};
		A00004000000000000000002 /* Sources */ = {
			isa = PBXGroup;
			children = (
				A00002000000000000000001 /* AppNavigation.swift */,
				A00002000000000000000002 /* AppPreferences.swift */,
				A00002000000000000000003 /* AudioDevice.swift */,
				A00002000000000000000004 /* AudioDeviceStore.swift */,
				A00002000000000000000005 /* CoreAudioController.swift */,
				A00002000000000000000006 /* InputControlApp.swift */,
				A00002000000000000000007 /* LaunchAtLoginManager.swift */,
				A00002000000000000000008 /* MenuBarContentView.swift */,
				A00002000000000000000009 /* MenuBarLabelView.swift */,
				A0000200000000000000000A /* SettingsView.swift */,
				A0000200000000000000000E /* ThemeManager.swift */,
			);
			path = Sources;
			sourceTree = "<group>";
		};
		A00004000000000000000003 /* Resources */ = {
			isa = PBXGroup;
			children = (
				A0000200000000000000000C /* Info.plist */,
				A0000200000000000000000D /* Assets.xcassets */,
			);
			path = Resources;
			sourceTree = "<group>";
		};
		A00004000000000000000004 /* Products */ = {
			isa = PBXGroup;
			children = (
				A0000200000000000000000B /* Input Control.app */,
			);
			name = Products;
			sourceTree = "<group>";
		};
/* End PBXGroup section */

/* Begin PBXNativeTarget section */
		A0000001000000000000000F /* InputControl */ = {
			isa = PBXNativeTarget;
			buildConfigurationList = A00007000000000000000002 /* Build configuration list for PBXNativeTarget "InputControl" */;
			buildPhases = (
				A00003000000000000000002 /* Sources */,
				A00003000000000000000001 /* Frameworks */,
				A00003000000000000000003 /* Resources */,
			);
			buildRules = (
			);
			dependencies = (
			);
			name = InputControl;
			productName = InputControl;
			productReference = A0000200000000000000000B /* Input Control.app */;
			productType = "com.apple.product-type.application";
		};
/* End PBXNativeTarget section */

/* Begin PBXProject section */
		A00000010000000000000010 /* Project object */ = {
			isa = PBXProject;
			attributes = {
				BuildIndependentTargetsInParallel = 1;
				LastSwiftUpdateCheck = 2600;
				LastUpgradeCheck = 2600;
				TargetAttributes = {
					A0000001000000000000000F = {
						CreatedOnToolsVersion = 26.0;
						ProvisioningStyle = Automatic;
					};
				};
			};
			buildConfigurationList = A00007000000000000000001 /* Build configuration list for PBXProject "InputControl" */;
			developmentRegion = en;
			hasScannedForEncodings = 0;
			knownRegions = (
				en,
				Base,
			);
			mainGroup = A00004000000000000000001;
			minimizedProjectReferenceProxies = 1;
			preferredProjectObjectVersion = 77;
			productRefGroup = A00004000000000000000004 /* Products */;
			projectDirPath = "";
			projectRoot = "";
			targets = (
				A0000001000000000000000F /* InputControl */,
			);
		};
/* End PBXProject section */

/* Begin PBXResourcesBuildPhase section */
		A00003000000000000000003 /* Resources */ = {
			isa = PBXResourcesBuildPhase;
			buildActionMask = 2147483647;
			files = (
				A0000100000000000000000B /* Assets.xcassets in Resources */,
			);
			runOnlyForDeploymentPostprocessing = 0;
		};
/* End PBXResourcesBuildPhase section */

/* Begin PBXSourcesBuildPhase section */
		A00003000000000000000002 /* Sources */ = {
			isa = PBXSourcesBuildPhase;
			buildActionMask = 2147483647;
			files = (
				A00001000000000000000001 /* AppNavigation.swift in Sources */,
				A00001000000000000000002 /* AppPreferences.swift in Sources */,
				A00001000000000000000003 /* AudioDevice.swift in Sources */,
				A00001000000000000000004 /* AudioDeviceStore.swift in Sources */,
				A00001000000000000000005 /* CoreAudioController.swift in Sources */,
				A00001000000000000000006 /* InputControlApp.swift in Sources */,
				A00001000000000000000007 /* LaunchAtLoginManager.swift in Sources */,
				A00001000000000000000008 /* MenuBarContentView.swift in Sources */,
				A00001000000000000000009 /* MenuBarLabelView.swift in Sources */,
				A0000100000000000000000A /* SettingsView.swift in Sources */,
				A0000100000000000000000C /* ThemeManager.swift in Sources */,
			);
			runOnlyForDeploymentPostprocessing = 0;
		};
/* End PBXSourcesBuildPhase section */

/* Begin XCBuildConfiguration section */
		A00006000000000000000001 /* Debug */ = {
			isa = XCBuildConfiguration;
			buildSettings = {
				CLANG_ENABLE_MODULES = YES;
				CODE_SIGN_IDENTITY = "-";
				CODE_SIGN_STYLE = Automatic;
				CURRENT_PROJECT_VERSION = 1;
				ENABLE_APP_SANDBOX = NO;
				ENABLE_HARDENED_RUNTIME = NO;
				EXECUTABLE_NAME = InputControl;
				GENERATE_INFOPLIST_FILE = NO;
				INFOPLIST_FILE = Resources/Info.plist;
				LD_RUNPATH_SEARCH_PATHS = (
					"$(inherited)",
					"@executable_path/../Frameworks",
				);
				MACOSX_DEPLOYMENT_TARGET = 13.0;
				PRODUCT_BUNDLE_IDENTIFIER = com.antigravity.inputcontrol;
				PRODUCT_MODULE_NAME = InputControl;
				PRODUCT_NAME = "Input Control";
				SDKROOT = macosx;
				SWIFT_ACTIVE_COMPILATION_CONDITIONS = DEBUG;
				SWIFT_EMIT_LOC_STRINGS = YES;
				SWIFT_VERSION = 6.0;
				ASSETCATALOG_COMPILER_APPICON_NAME = AppIcon;
			};
			name = Debug;
		};
		A00006000000000000000002 /* Release */ = {
			isa = XCBuildConfiguration;
			buildSettings = {
				CLANG_ENABLE_MODULES = YES;
				CODE_SIGN_IDENTITY = "-";
				CODE_SIGN_STYLE = Automatic;
				CURRENT_PROJECT_VERSION = 1;
				ENABLE_APP_SANDBOX = NO;
				ENABLE_HARDENED_RUNTIME = NO;
				EXECUTABLE_NAME = InputControl;
				GENERATE_INFOPLIST_FILE = NO;
				INFOPLIST_FILE = Resources/Info.plist;
				LD_RUNPATH_SEARCH_PATHS = (
					"$(inherited)",
					"@executable_path/../Frameworks",
				);
				MACOSX_DEPLOYMENT_TARGET = 13.0;
				MARKETING_VERSION = 1.0;
				PRODUCT_BUNDLE_IDENTIFIER = com.antigravity.inputcontrol;
				PRODUCT_MODULE_NAME = InputControl;
				PRODUCT_NAME = "Input Control";
				SDKROOT = macosx;
				SWIFT_EMIT_LOC_STRINGS = YES;
				SWIFT_VERSION = 6.0;
				ASSETCATALOG_COMPILER_APPICON_NAME = AppIcon;
			};
			name = Release;
		};
		A00006000000000000000003 /* Debug */ = {
			isa = XCBuildConfiguration;
			buildSettings = {
				ALWAYS_SEARCH_USER_PATHS = NO;
				CLANG_ENABLE_MODULES = YES;
				COPY_PHASE_STRIP = NO;
				DEBUG_INFORMATION_FORMAT = dwarf;
				ENABLE_STRICT_OBJC_MSGSEND = YES;
				GCC_C_LANGUAGE_STANDARD = gnu17;
				GCC_DYNAMIC_NO_PIC = NO;
				GCC_OPTIMIZATION_LEVEL = 0;
				GCC_PREPROCESSOR_DEFINITIONS = (
					"DEBUG=1",
					"$(inherited)",
				);
				MACOSX_DEPLOYMENT_TARGET = 13.0;
				SDKROOT = macosx;
				SWIFT_VERSION = 6.0;
			};
			name = Debug;
		};
		A00006000000000000000004 /* Release */ = {
			isa = XCBuildConfiguration;
			buildSettings = {
				ALWAYS_SEARCH_USER_PATHS = NO;
				CLANG_ENABLE_MODULES = YES;
				COPY_PHASE_STRIP = NO;
				DEBUG_INFORMATION_FORMAT = "dwarf-with-dsym";
				ENABLE_NS_ASSERTIONS = NO;
				ENABLE_STRICT_OBJC_MSGSEND = YES;
				GCC_C_LANGUAGE_STANDARD = gnu17;
				MACOSX_DEPLOYMENT_TARGET = 13.0;
				SDKROOT = macosx;
				SWIFT_COMPILATION_MODE = wholemodule;
				SWIFT_OPTIMIZATION_LEVEL = "-O";
				SWIFT_VERSION = 6.0;
			};
			name = Release;
		};
/* End XCBuildConfiguration section */

/* Begin XCConfigurationList section */
		A00007000000000000000001 /* Build configuration list for PBXProject "InputControl" */ = {
			isa = XCConfigurationList;
			buildConfigurations = (
				A00006000000000000000003 /* Debug */,
				A00006000000000000000004 /* Release */,
			);
			defaultConfigurationIsVisible = 0;
			defaultConfigurationName = Release;
		};
		A00007000000000000000002 /* Build configuration list for PBXNativeTarget "InputControl" */ = {
			isa = XCConfigurationList;
			buildConfigurations = (
				A00006000000000000000001 /* Debug */,
				A00006000000000000000002 /* Release */,
			);
			defaultConfigurationIsVisible = 0;
			defaultConfigurationName = Release;
		};
/* End XCConfigurationList section */
	};
	rootObject = A00000010000000000000010 /* Project object */;
}
